{
	"name": "missmoss",
	"version": "1.0.0",
	"lockfileVersion": 1,
	"requires": true,
	"dependencies": {
		"a-sync-waterfall": {
			"version": "1.0.1",
			"resolved": "https://registry.npmjs.org/a-sync-waterfall/-/a-sync-waterfall-1.0.1.tgz",
			"integrity": "sha512-RYTOHHdWipFUliRFMCS4X2Yn2X8M87V/OpSqWzKKOGhzqyUxzyVmhHDH9sAvG+ZuQf/TAOFsLCpMw09I1ufUnA=="
		},
		"arguments-extended": {
			"version": "0.0.3",
			"resolved": "https://registry.npmjs.org/arguments-extended/-/arguments-extended-0.0.3.tgz",
			"integrity": "sha1-YQfkkX0OtvCk3WYyD8Fa/HLvSUY=",
			"requires": {
				"extended": "~0.0.3",
				"is-extended": "~0.0.8"
			}
		},
		"array-extended": {
			"version": "0.0.11",
			"resolved": "https://registry.npmjs.org/array-extended/-/array-extended-0.0.11.tgz",
			"integrity": "sha1-1xRK50jek8pybxIQCdv/FibRZL0=",
			"requires": {
				"arguments-extended": "~0.0.3",
				"extended": "~0.0.3",
				"is-extended": "~0.0.3"
			}
		},
		"asap": {
			"version": "2.0.6",
			"resolved": "https://registry.npmjs.org/asap/-/asap-2.0.6.tgz",
			"integrity": "sha1-5QNHYR1+aQlDIIu9r+vLwvuGbUY="
		},
		"commander": {
			"version": "5.1.0",
			"resolved": "https://registry.npmjs.org/commander/-/commander-5.1.0.tgz",
			"integrity": "sha512-P0CysNDQ7rtVw4QIQtm+MRxV66vKFSvlsQvGYXZWR3qFU0jlMKHZZZgw8e+8DSah4UDKMqnknRDQz+xuQXQ/Zg=="
		},
		"declare.js": {
			"version": "0.0.8",
			"resolved": "https://registry.npmjs.org/declare.js/-/declare.js-0.0.8.tgz",
			"integrity": "sha1-BHit/5VkwAT1Hfc9i8E0AZ0o3N4="
		},
		"extended": {
			"version": "0.0.6",
			"resolved": "https://registry.npmjs.org/extended/-/extended-0.0.6.tgz",
			"integrity": "sha1-f7i/e52uOXWG5IVwrP1kLHjlBmk=",
			"requires": {
				"extender": "~0.0.5"
			}
		},
		"extender": {
			"version": "0.0.10",
			"resolved": "https://registry.npmjs.org/extender/-/extender-0.0.10.tgz",
			"integrity": "sha1-WJwHSCvmGhRgttgfnCSqZ+jzJM0=",
			"requires": {
				"declare.js": "~0.0.4"
			}
		},
		"is-extended": {
			"version": "0.0.10",
			"resolved": "https://registry.npmjs.org/is-extended/-/is-extended-0.0.10.tgz",
			"integrity": "sha1-JE4UDfdbscmjEG9BL/GC+1NKbWI=",
			"requires": {
				"extended": "~0.0.3"
			}
		},
		"iterate-files": {
			"version": "0.1.1",
			"resolved": "https://registry.npmjs.org/iterate-files/-/iterate-files-0.1.1.tgz",
			"integrity": "sha1-hTvtlBb0lZu6glkO/t1mIhw+smQ="
		},
		"npm-clean": {
			"version": "1.0.3",
			"resolved": "https://registry.npmjs.org/npm-clean/-/npm-clean-1.0.3.tgz",
			"integrity": "sha1-Sem8rXzhvzMc73Vgpd+4VGh+5wI=",
			"requires": {
				"array-extended": "0.0.11",
				"iterate-files": "^0.1.1",
				"requires": "^1.0.1",
				"uniq": "^1.0.1"
			}
		},
		"nunjucks": {
			"version": "3.2.3",
			"resolved": "https://registry.npmjs.org/nunjucks/-/nunjucks-3.2.3.tgz",
			"integrity": "sha512-psb6xjLj47+fE76JdZwskvwG4MYsQKXUtMsPh6U0YMvmyjRtKRFcxnlXGWglNybtNTNVmGdp94K62/+NjF5FDQ==",
			"requires": {
				"a-sync-waterfall": "^1.0.0",
				"asap": "^2.0.3",
				"commander": "^5.1.0"
			}
		},
		"requires": {
			"version": "1.0.2",
			"resolved": "https://registry.npmjs.org/requires/-/requires-1.0.2.tgz",
			"integrity": "sha1-djBOghNFYi/j+sCwcRoeTygo8Po="
		},
		"uniq": {
			"version": "1.0.1",
			"resolved": "https://registry.npmjs.org/uniq/-/uniq-1.0.1.tgz",
			"integrity": "sha1-sxxa6CVIRKOoKBVBzisEuGWnNP8="
		}
	}
}
